
Microsoft Visual Studio Solution File, Format Version 12.00
# Visual Studio Version 17
VisualStudioVersion = 17.4.33103.184
MinimumVisualStudioVersion = 10.0.40219.1
Project("{9A19103F-16F7-4668-BE54-9A1E7A4F7556}") = "OpenSilver.ControlsKit.FastControls", "OpenSilver.ControlsKit.FastControls\OpenSilver.ControlsKit.FastControls.csproj", "{A8FAB0AB-A9EC-4FC6-B033-74ABBFE9DD9D}"
EndProject
Project("{2150E333-8FDC-42A3-9474-1A3956D46DE8}") = "TestApp", "TestApp", "{757990DC-A1AE-4E39-A086-A6C4FA59B250}"
EndProject
Project("{FAE04EC0-301F-11D3-BF4B-00C04F79EFBC}") = "OpenSilver.ControlsKit.Controls", "OpenSilver.ControlsKit.Controls\OpenSilver.ControlsKit.Controls.csproj", "{EFAC9728-C7A6-431F-8780-5AE3531B3764}"
EndProject
Project("{2150E333-8FDC-42A3-9474-1A3956D46DE8}") = "Solution Items", "Solution Items", "{8EC462FD-D22E-90A8-E5CE-7E832BA40C5D}"
	ProjectSection(SolutionItems) = preProject
		build\build-nuget-package.bat = build\build-nuget-package.bat
		build\nuspec\ControlsKit.nuspec = build\nuspec\ControlsKit.nuspec
		Directory.Build.targets = Directory.Build.targets
		..\.github\workflows\github-actions.yml = ..\.github\workflows\github-actions.yml
		Nuget.Config = Nuget.Config
	EndProjectSection
EndProject
Project("{FAE04EC0-301F-11D3-BF4B-00C04F79EFBC}") = "TestApp", "TestApp\TestApp\TestApp.csproj", "{89E16AC0-A76E-9D55-BC2A-B3AD76C0BD55}"
EndProject
Project("{FAE04EC0-301F-11D3-BF4B-00C04F79EFBC}") = "TestApp.Browser", "TestApp\TestApp.Browser\TestApp.Browser.csproj", "{ABE3304A-4482-B08F-A64D-F1722DD78C32}"
EndProject
Project("{FAE04EC0-301F-11D3-BF4B-00C04F79EFBC}") = "TestApp.Simulator", "TestApp\TestApp.Simulator\TestApp.Simulator.csproj", "{1A39DBC2-12F4-31B9-C4B5-4B50C053EA59}"
EndProject
Global
	GlobalSection(SolutionConfigurationPlatforms) = preSolution
		Debug|Any CPU = Debug|Any CPU
		Release|Any CPU = Release|Any CPU
	EndGlobalSection
	GlobalSection(ProjectConfigurationPlatforms) = postSolution
		{A8FAB0AB-A9EC-4FC6-B033-74ABBFE9DD9D}.Debug|Any CPU.ActiveCfg = Debug|Any CPU
		{A8FAB0AB-A9EC-4FC6-B033-74ABBFE9DD9D}.Debug|Any CPU.Build.0 = Debug|Any CPU
		{A8FAB0AB-A9EC-4FC6-B033-74ABBFE9DD9D}.Release|Any CPU.ActiveCfg = Release|Any CPU
		{A8FAB0AB-A9EC-4FC6-B033-74ABBFE9DD9D}.Release|Any CPU.Build.0 = Release|Any CPU
		{EFAC9728-C7A6-431F-8780-5AE3531B3764}.Debug|Any CPU.ActiveCfg = Debug|Any CPU
		{EFAC9728-C7A6-431F-8780-5AE3531B3764}.Debug|Any CPU.Build.0 = Debug|Any CPU
		{EFAC9728-C7A6-431F-8780-5AE3531B3764}.Release|Any CPU.ActiveCfg = Release|Any CPU
		{EFAC9728-C7A6-431F-8780-5AE3531B3764}.Release|Any CPU.Build.0 = Release|Any CPU
		{89E16AC0-A76E-9D55-BC2A-B3AD76C0BD55}.Debug|Any CPU.ActiveCfg = Debug|Any CPU
		{89E16AC0-A76E-9D55-BC2A-B3AD76C0BD55}.Debug|Any CPU.Build.0 = Debug|Any CPU
		{89E16AC0-A76E-9D55-BC2A-B3AD76C0BD55}.Release|Any CPU.ActiveCfg = Release|Any CPU
		{89E16AC0-A76E-9D55-BC2A-B3AD76C0BD55}.Release|Any CPU.Build.0 = Release|Any CPU
		{ABE3304A-4482-B08F-A64D-F1722DD78C32}.Debug|Any CPU.ActiveCfg = Debug|Any CPU
		{ABE3304A-4482-B08F-A64D-F1722DD78C32}.Debug|Any CPU.Build.0 = Debug|Any CPU
		{ABE3304A-4482-B08F-A64D-F1722DD78C32}.Release|Any CPU.ActiveCfg = Release|Any CPU
		{ABE3304A-4482-B08F-A64D-F1722DD78C32}.Release|Any CPU.Build.0 = Release|Any CPU
		{1A39DBC2-12F4-31B9-C4B5-4B50C053EA59}.Debug|Any CPU.ActiveCfg = Debug|Any CPU
		{1A39DBC2-12F4-31B9-C4B5-4B50C053EA59}.Debug|Any CPU.Build.0 = Debug|Any CPU
		{1A39DBC2-12F4-31B9-C4B5-4B50C053EA59}.Release|Any CPU.ActiveCfg = Release|Any CPU
		{1A39DBC2-12F4-31B9-C4B5-4B50C053EA59}.Release|Any CPU.Build.0 = Release|Any CPU
	EndGlobalSection
	GlobalSection(SolutionProperties) = preSolution
		HideSolutionNode = FALSE
	EndGlobalSection
	GlobalSection(NestedProjects) = preSolution
		{89E16AC0-A76E-9D55-BC2A-B3AD76C0BD55} = {757990DC-A1AE-4E39-A086-A6C4FA59B250}
		{ABE3304A-4482-B08F-A64D-F1722DD78C32} = {757990DC-A1AE-4E39-A086-A6C4FA59B250}
		{1A39DBC2-12F4-31B9-C4B5-4B50C053EA59} = {757990DC-A1AE-4E39-A086-A6C4FA59B250}
	EndGlobalSection
	GlobalSection(ExtensibilityGlobals) = postSolution
		SolutionGuid = {3095C2CC-DAE8-4223-BF01-AFDDF80767AD}
	EndGlobalSection
EndGlobal
