
Microsoft Visual Studio Solution File, Format Version 12.00
# Visual Studio Version 17
VisualStudioVersion = 17.4.33103.184
MinimumVisualStudioVersion = 10.0.40219.1
Project("{FAE04EC0-301F-11D3-BF4B-00C04F79EFBC}") = "OpenSilver.ControlsKit.FastControls", "FastControls\OpenSilver.ControlsKit.FastControls.csproj", "{A8FAB0AB-A9EC-4FC6-B033-74ABBFE9DD9D}"
EndProject
Global
	GlobalSection(SolutionConfigurationPlatforms) = preSolution
		Debug|Any CPU = Debug|Any CPU
		Release|Any CPU = Release|Any CPU
	EndGlobalSection
	GlobalSection(ProjectConfigurationPlatforms) = postSolution
		{A8FAB0AB-A9EC-4FC6-B033-74ABBFE9DD9D}.Debug|Any CPU.ActiveCfg = Debug|Any CPU
		{A8FAB0AB-A9EC-4FC6-B033-74ABBFE9DD9D}.Debug|Any CPU.Build.0 = Debug|Any CPU
		{A8FAB0AB-A9EC-4FC6-B033-74ABBFE9DD9D}.Release|Any CPU.ActiveCfg = Release|Any CPU
		{A8FAB0AB-A9EC-4FC6-B033-74ABBFE9DD9D}.Release|Any CPU.Build.0 = Release|Any CPU
	EndGlobalSection
	GlobalSection(SolutionProperties) = preSolution
		HideSolutionNode = FALSE
	EndGlobalSection
	GlobalSection(ExtensibilityGlobals) = postSolution
		SolutionGuid = {3095C2CC-DAE8-4223-BF01-AFDDF80767AD}
	EndGlobalSection
EndGlobal
